
Microsoft Visual Studio Solution File, Format Version 12.00
# Visual Studio 2015
Project("{FAE04EC0-301F-11D3-BF4B-00C04F79EFBC}") = "Simple_Chess", "Simple_Chess.csproj", "{552F7AE1-F9D8-923C-2EDB-F53E86A3CC34}"
EndProject
Global
	GlobalSection(SolutionConfigurationPlatforms) = preSolution
		Debug|Any CPU = Debug|Any CPU
		Release|Any CPU = Release|Any CPU
	EndGlobalSection
	GlobalSection(ProjectConfigurationPlatforms) = postSolution
		{552F7AE1-F9D8-923C-2EDB-F53E86A3CC34}.Debug|Any CPU.ActiveCfg = Debug|Any CPU
		{552F7AE1-F9D8-923C-2EDB-F53E86A3CC34}.Debug|Any CPU.Build.0 = Debug|Any CPU
		{552F7AE1-F9D8-923C-2EDB-F53E86A3CC34}.Release|Any CPU.ActiveCfg = Release|Any CPU
		{552F7AE1-F9D8-923C-2EDB-F53E86A3CC34}.Release|Any CPU.Build.0 = Release|Any CPU
	EndGlobalSection
	GlobalSection(SolutionProperties) = preSolution
		HideSolutionNode = FALSE
	EndGlobalSection
EndGlobal
